
Microsoft Visual Studio Solution File, Format Version 12.00
# Visual Studio Version 16
VisualStudioVersion = 16.0.31729.503
MinimumVisualStudioVersion = 10.0.40219.1
Project("{9A19103F-16F7-4668-BE54-9A1E7A4F7556}") = "MiniSalesApp", "MiniSalesApp\MiniSalesApp.csproj", "{97083FA8-11EE-4B21-8418-D7332081D2E9}"
EndProject
Project("{54435603-DBB4-11D2-8724-00A0C9A8B90C}") = "MiniSalesApp.Installer", "MiniSalesApp.Installer\MiniSalesApp.Installer.vdproj", "{2B2C1EA0-FFC6-4E3E-96C1-C06D429EBDAE}"
EndProject
Global
	GlobalSection(SolutionConfigurationPlatforms) = preSolution
		Debug|Any CPU = Debug|Any CPU
		Debug|x86 = Debug|x86
		Release|Any CPU = Release|Any CPU
		Release|x86 = Release|x86
	EndGlobalSection
	GlobalSection(ProjectConfigurationPlatforms) = postSolution
		{97083FA8-11EE-4B21-8418-D7332081D2E9}.Debug|Any CPU.ActiveCfg = Release|Any CPU
		{97083FA8-11EE-4B21-8418-D7332081D2E9}.Debug|Any CPU.Build.0 = Release|Any CPU
		{97083FA8-11EE-4B21-8418-D7332081D2E9}.Debug|x86.ActiveCfg = Debug|Any CPU
		{97083FA8-11EE-4B21-8418-D7332081D2E9}.Debug|x86.Build.0 = Debug|Any CPU
		{97083FA8-11EE-4B21-8418-D7332081D2E9}.Release|Any CPU.ActiveCfg = Release|Any CPU
		{97083FA8-11EE-4B21-8418-D7332081D2E9}.Release|Any CPU.Build.0 = Release|Any CPU
		{97083FA8-11EE-4B21-8418-D7332081D2E9}.Release|x86.ActiveCfg = Release|Any CPU
		{97083FA8-11EE-4B21-8418-D7332081D2E9}.Release|x86.Build.0 = Release|Any CPU
		{2B2C1EA0-FFC6-4E3E-96C1-C06D429EBDAE}.Debug|Any CPU.ActiveCfg = Debug
		{2B2C1EA0-FFC6-4E3E-96C1-C06D429EBDAE}.Debug|x86.ActiveCfg = Debug
		{2B2C1EA0-FFC6-4E3E-96C1-C06D429EBDAE}.Release|Any CPU.ActiveCfg = Release
		{2B2C1EA0-FFC6-4E3E-96C1-C06D429EBDAE}.Release|x86.ActiveCfg = Release
	EndGlobalSection
	GlobalSection(SolutionProperties) = preSolution
		HideSolutionNode = FALSE
	EndGlobalSection
	GlobalSection(ExtensibilityGlobals) = postSolution
		SolutionGuid = {A233F5C4-954C-471D-A3AE-4467B386A7A4}
	EndGlobalSection
EndGlobal
